
Microsoft Visual Studio Solution File, Format Version 12.00
# Visual Studio Version 16
VisualStudioVersion = 16.0.31005.135
MinimumVisualStudioVersion = 10.0.40219.1
Project("{FAE04EC0-301F-11D3-BF4B-00C04F79EFBC}") = "WpfApp4", "WpfApp4\WpfApp4.csproj", "{27F9F8C3-2028-4A76-BDD8-77A61FF3D2DF}"
EndProject
Global
	GlobalSection(SolutionConfigurationPlatforms) = preSolution
		Debug|Any CPU = Debug|Any CPU
		Release|Any CPU = Release|Any CPU
	EndGlobalSection
	GlobalSection(ProjectConfigurationPlatforms) = postSolution
		{27F9F8C3-2028-4A76-BDD8-77A61FF3D2DF}.Debug|Any CPU.ActiveCfg = Debug|Any CPU
		{27F9F8C3-2028-4A76-BDD8-77A61FF3D2DF}.Debug|Any CPU.Build.0 = Debug|Any CPU
		{27F9F8C3-2028-4A76-BDD8-77A61FF3D2DF}.Release|Any CPU.ActiveCfg = Release|Any CPU
		{27F9F8C3-2028-4A76-BDD8-77A61FF3D2DF}.Release|Any CPU.Build.0 = Release|Any CPU
	EndGlobalSection
	GlobalSection(SolutionProperties) = preSolution
		HideSolutionNode = FALSE
	EndGlobalSection
	GlobalSection(ExtensibilityGlobals) = postSolution
		SolutionGuid = {C2F364C7-8CC9-4774-9060-18E89964F1E4}
	EndGlobalSection
EndGlobal
